Microsoft Visual Studio Solution File, Format Version 12.00
# Visual Studio 15
VisualStudioVersion = 15.0.27004.2008
MinimumVisualStudioVersion = 15.0.26124.0
Project("{2150E333-8FDC-42A3-9474-1A3956D46DE8}") = "src", "src", "{A9AA7E17-7706-4916-9540-E84BF30A9D25}"
EndProject
Project("{9A19103F-16F7-4668-BE54-9A1E7A4F7556}") = "Boondocks.Device.Api", "Boondocks.Device.Api\Boondocks.Device.Api.csproj", "{28758DF7-55F6-4851-A515-69C116410290}"
EndProject
Project("{9A19103F-16F7-4668-BE54-9A1E7A4F7556}") = "Boondocks.Device.App", "Boondocks.Device.App\Boondocks.Device.App.csproj", "{DE194844-D418-4EE5-ACEE-6EAE70FB7725}"
EndProject
Project("{9A19103F-16F7-4668-BE54-9A1E7A4F7556}") = "Boondocks.Device.Infra", "Boondocks.Device.Infra\Boondocks.Device.Infra.csproj", "{4FE48FE5-1200-494E-B78E-6A05459018DE}"
EndProject
Project("{9A19103F-16F7-4668-BE54-9A1E7A4F7556}") = "Boondocks.Device.Domain", "Boondocks.Device.Domain\Boondocks.Device.Domain.csproj", "{F5DC57AE-5DDA-4B24-B62A-2AB7BC5F970A}"
EndProject
Project("{9A19103F-16F7-4668-BE54-9A1E7A4F7556}") = "Boondocks.Device.WebApi", "Boondocks.Device.WebApi\Boondocks.Device.WebApi.csproj", "{A0BC3EFB-0982-4995-B8F0-BDC1EC566D94}"
EndProject
Project("{2150E333-8FDC-42A3-9474-1A3956D46DE8}") = "test", "test", "{4D725F0B-55F2-4B70-878D-BCB67FFE44D7}"
EndProject
Project("{9A19103F-16F7-4668-BE54-9A1E7A4F7556}") = "Boondocks.Device.Tests", "Boondocks.Device.Tests\Boondocks.Device.Tests.csproj", "{947FFD71-29D6-492B-BCDC-0799C3947C14}"
EndProject
Project("{FAE04EC0-301F-11D3-BF4B-00C04F79EFBC}") = "Boondocks.Base.Data", "Boondocks.Base.Data\Boondocks.Base.Data.csproj", "{63F48AC2-288E-49BA-A520-10070F96DE47}"
EndProject
Global
	GlobalSection(SolutionConfigurationPlatforms) = preSolution
		Debug|Any CPU = Debug|Any CPU
		Debug|x64 = Debug|x64
		Debug|x86 = Debug|x86
		Release|Any CPU = Release|Any CPU
		Release|x64 = Release|x64
		Release|x86 = Release|x86
	EndGlobalSection
	GlobalSection(ProjectConfigurationPlatforms) = postSolution
		{28758DF7-55F6-4851-A515-69C116410290}.Debug|Any CPU.ActiveCfg = Debug|Any CPU
		{28758DF7-55F6-4851-A515-69C116410290}.Debug|Any CPU.Build.0 = Debug|Any CPU
		{28758DF7-55F6-4851-A515-69C116410290}.Debug|x64.ActiveCfg = Debug|Any CPU
		{28758DF7-55F6-4851-A515-69C116410290}.Debug|x64.Build.0 = Debug|Any CPU
		{28758DF7-55F6-4851-A515-69C116410290}.Debug|x86.ActiveCfg = Debug|Any CPU
		{28758DF7-55F6-4851-A515-69C116410290}.Debug|x86.Build.0 = Debug|Any CPU
		{28758DF7-55F6-4851-A515-69C116410290}.Release|Any CPU.ActiveCfg = Release|Any CPU
		{28758DF7-55F6-4851-A515-69C116410290}.Release|Any CPU.Build.0 = Release|Any CPU
		{28758DF7-55F6-4851-A515-69C116410290}.Release|x64.ActiveCfg = Release|Any CPU
		{28758DF7-55F6-4851-A515-69C116410290}.Release|x64.Build.0 = Release|Any CPU
		{28758DF7-55F6-4851-A515-69C116410290}.Release|x86.ActiveCfg = Release|Any CPU
		{28758DF7-55F6-4851-A515-69C116410290}.Release|x86.Build.0 = Release|Any CPU
		{DE194844-D418-4EE5-ACEE-6EAE70FB7725}.Debug|Any CPU.ActiveCfg = Debug|Any CPU
		{DE194844-D418-4EE5-ACEE-6EAE70FB7725}.Debug|Any CPU.Build.0 = Debug|Any CPU
		{DE194844-D418-4EE5-ACEE-6EAE70FB7725}.Debug|x64.ActiveCfg = Debug|Any CPU
		{DE194844-D418-4EE5-ACEE-6EAE70FB7725}.Debug|x64.Build.0 = Debug|Any CPU
		{DE194844-D418-4EE5-ACEE-6EAE70FB7725}.Debug|x86.ActiveCfg = Debug|Any CPU
		{DE194844-D418-4EE5-ACEE-6EAE70FB7725}.Debug|x86.Build.0 = Debug|Any CPU
		{DE194844-D418-4EE5-ACEE-6EAE70FB7725}.Release|Any CPU.ActiveCfg = Release|Any CPU
		{DE194844-D418-4EE5-ACEE-6EAE70FB7725}.Release|Any CPU.Build.0 = Release|Any CPU
		{DE194844-D418-4EE5-ACEE-6EAE70FB7725}.Release|x64.ActiveCfg = Release|Any CPU
		{DE194844-D418-4EE5-ACEE-6EAE70FB7725}.Release|x64.Build.0 = Release|Any CPU
		{DE194844-D418-4EE5-ACEE-6EAE70FB7725}.Release|x86.ActiveCfg = Release|Any CPU
		{DE194844-D418-4EE5-ACEE-6EAE70FB7725}.Release|x86.Build.0 = Release|Any CPU
		{4FE48FE5-1200-494E-B78E-6A05459018DE}.Debug|Any CPU.ActiveCfg = Debug|Any CPU
		{4FE48FE5-1200-494E-B78E-6A05459018DE}.Debug|Any CPU.Build.0 = Debug|Any CPU
		{4FE48FE5-1200-494E-B78E-6A05459018DE}.Debug|x64.ActiveCfg = Debug|Any CPU
		{4FE48FE5-1200-494E-B78E-6A05459018DE}.Debug|x64.Build.0 = Debug|Any CPU
		{4FE48FE5-1200-494E-B78E-6A05459018DE}.Debug|x86.ActiveCfg = Debug|Any CPU
		{4FE48FE5-1200-494E-B78E-6A05459018DE}.Debug|x86.Build.0 = Debug|Any CPU
		{4FE48FE5-1200-494E-B78E-6A05459018DE}.Release|Any CPU.ActiveCfg = Release|Any CPU
		{4FE48FE5-1200-494E-B78E-6A05459018DE}.Release|Any CPU.Build.0 = Release|Any CPU
		{4FE48FE5-1200-494E-B78E-6A05459018DE}.Release|x64.ActiveCfg = Release|Any CPU
		{4FE48FE5-1200-494E-B78E-6A05459018DE}.Release|x64.Build.0 = Release|Any CPU
		{4FE48FE5-1200-494E-B78E-6A05459018DE}.Release|x86.ActiveCfg = Release|Any CPU
		{4FE48FE5-1200-494E-B78E-6A05459018DE}.Release|x86.Build.0 = Release|Any CPU
		{F5DC57AE-5DDA-4B24-B62A-2AB7BC5F970A}.Debug|Any CPU.ActiveCfg = Debug|Any CPU
		{F5DC57AE-5DDA-4B24-B62A-2AB7BC5F970A}.Debug|Any CPU.Build.0 = Debug|Any CPU
		{F5DC57AE-5DDA-4B24-B62A-2AB7BC5F970A}.Debug|x64.ActiveCfg = Debug|Any CPU
		{F5DC57AE-5DDA-4B24-B62A-2AB7BC5F970A}.Debug|x64.Build.0 = Debug|Any CPU
		{F5DC57AE-5DDA-4B24-B62A-2AB7BC5F970A}.Debug|x86.ActiveCfg = Debug|Any CPU
		{F5DC57AE-5DDA-4B24-B62A-2AB7BC5F970A}.Debug|x86.Build.0 = Debug|Any CPU
		{F5DC57AE-5DDA-4B24-B62A-2AB7BC5F970A}.Release|Any CPU.ActiveCfg = Release|Any CPU
		{F5DC57AE-5DDA-4B24-B62A-2AB7BC5F970A}.Release|Any CPU.Build.0 = Release|Any CPU
		{F5DC57AE-5DDA-4B24-B62A-2AB7BC5F970A}.Release|x64.ActiveCfg = Release|Any CPU
		{F5DC57AE-5DDA-4B24-B62A-2AB7BC5F970A}.Release|x64.Build.0 = Release|Any CPU
		{F5DC57AE-5DDA-4B24-B62A-2AB7BC5F970A}.Release|x86.ActiveCfg = Release|Any CPU
		{F5DC57AE-5DDA-4B24-B62A-2AB7BC5F970A}.Release|x86.Build.0 = Release|Any CPU
		{A0BC3EFB-0982-4995-B8F0-BDC1EC566D94}.Debug|Any CPU.ActiveCfg = Debug|Any CPU
		{A0BC3EFB-0982-4995-B8F0-BDC1EC566D94}.Debug|Any CPU.Build.0 = Debug|Any CPU
		{A0BC3EFB-0982-4995-B8F0-BDC1EC566D94}.Debug|x64.ActiveCfg = Debug|Any CPU
		{A0BC3EFB-0982-4995-B8F0-BDC1EC566D94}.Debug|x64.Build.0 = Debug|Any CPU
		{A0BC3EFB-0982-4995-B8F0-BDC1EC566D94}.Debug|x86.ActiveCfg = Debug|Any CPU
		{A0BC3EFB-0982-4995-B8F0-BDC1EC566D94}.Debug|x86.Build.0 = Debug|Any CPU
		{A0BC3EFB-0982-4995-B8F0-BDC1EC566D94}.Release|Any CPU.ActiveCfg = Release|Any CPU
		{A0BC3EFB-0982-4995-B8F0-BDC1EC566D94}.Release|Any CPU.Build.0 = Release|Any CPU
		{A0BC3EFB-0982-4995-B8F0-BDC1EC566D94}.Release|x64.ActiveCfg = Release|Any CPU
		{A0BC3EFB-0982-4995-B8F0-BDC1EC566D94}.Release|x64.Build.0 = Release|Any CPU
		{A0BC3EFB-0982-4995-B8F0-BDC1EC566D94}.Release|x86.ActiveCfg = Release|Any CPU
		{A0BC3EFB-0982-4995-B8F0-BDC1EC566D94}.Release|x86.Build.0 = Release|Any CPU
		{947FFD71-29D6-492B-BCDC-0799C3947C14}.Debug|Any CPU.ActiveCfg = Debug|Any CPU
		{947FFD71-29D6-492B-BCDC-0799C3947C14}.Debug|Any CPU.Build.0 = Debug|Any CPU
		{947FFD71-29D6-492B-BCDC-0799C3947C14}.Debug|x64.ActiveCfg = Debug|Any CPU
		{947FFD71-29D6-492B-BCDC-0799C3947C14}.Debug|x64.Build.0 = Debug|Any CPU
		{947FFD71-29D6-492B-BCDC-0799C3947C14}.Debug|x86.ActiveCfg = Debug|Any CPU
		{947FFD71-29D6-492B-BCDC-0799C3947C14}.Debug|x86.Build.0 = Debug|Any CPU
		{947FFD71-29D6-492B-BCDC-0799C3947C14}.Release|Any CPU.ActiveCfg = Release|Any CPU
		{947FFD71-29D6-492B-BCDC-0799C3947C14}.Release|Any CPU.Build.0 = Release|Any CPU
		{947FFD71-29D6-492B-BCDC-0799C3947C14}.Release|x64.ActiveCfg = Release|Any CPU
		{947FFD71-29D6-492B-BCDC-0799C3947C14}.Release|x64.Build.0 = Release|Any CPU
		{947FFD71-29D6-492B-BCDC-0799C3947C14}.Release|x86.ActiveCfg = Release|Any CPU
		{947FFD71-29D6-492B-BCDC-0799C3947C14}.Release|x86.Build.0 = Release|Any CPU
		{63F48AC2-288E-49BA-A520-10070F96DE47}.Debug|Any CPU.ActiveCfg = Debug|Any CPU
		{63F48AC2-288E-49BA-A520-10070F96DE47}.Debug|Any CPU.Build.0 = Debug|Any CPU
		{63F48AC2-288E-49BA-A520-10070F96DE47}.Debug|x64.ActiveCfg = Debug|x64
		{63F48AC2-288E-49BA-A520-10070F96DE47}.Debug|x64.Build.0 = Debug|x64
		{63F48AC2-288E-49BA-A520-10070F96DE47}.Debug|x86.ActiveCfg = Debug|x86
		{63F48AC2-288E-49BA-A520-10070F96DE47}.Debug|x86.Build.0 = Debug|x86
		{63F48AC2-288E-49BA-A520-10070F96DE47}.Release|Any CPU.ActiveCfg = Release|Any CPU
		{63F48AC2-288E-49BA-A520-10070F96DE47}.Release|Any CPU.Build.0 = Release|Any CPU
		{63F48AC2-288E-49BA-A520-10070F96DE47}.Release|x64.ActiveCfg = Release|x64
		{63F48AC2-288E-49BA-A520-10070F96DE47}.Release|x64.Build.0 = Release|x64
		{63F48AC2-288E-49BA-A520-10070F96DE47}.Release|x86.ActiveCfg = Release|x86
		{63F48AC2-288E-49BA-A520-10070F96DE47}.Release|x86.Build.0 = Release|x86
	EndGlobalSection
	GlobalSection(SolutionProperties) = preSolution
		HideSolutionNode = FALSE
	EndGlobalSection
	GlobalSection(NestedProjects) = preSolution
		{28758DF7-55F6-4851-A515-69C116410290} = {A9AA7E17-7706-4916-9540-E84BF30A9D25}
		{DE194844-D418-4EE5-ACEE-6EAE70FB7725} = {A9AA7E17-7706-4916-9540-E84BF30A9D25}
		{4FE48FE5-1200-494E-B78E-6A05459018DE} = {A9AA7E17-7706-4916-9540-E84BF30A9D25}
		{F5DC57AE-5DDA-4B24-B62A-2AB7BC5F970A} = {A9AA7E17-7706-4916-9540-E84BF30A9D25}
		{A0BC3EFB-0982-4995-B8F0-BDC1EC566D94} = {A9AA7E17-7706-4916-9540-E84BF30A9D25}
		{947FFD71-29D6-492B-BCDC-0799C3947C14} = {4D725F0B-55F2-4B70-878D-BCB67FFE44D7}
	EndGlobalSection
	GlobalSection(ExtensibilityGlobals) = postSolution
		SolutionGuid = {FB47BA51-E71D-40BA-8994-40B2AD5598AF}
	EndGlobalSection
EndGlobal
