
Microsoft Visual Studio Solution File, Format Version 12.00
# Visual Studio 15
VisualStudioVersion = 15.0.27004.2008
MinimumVisualStudioVersion = 15.0.26124.0
Project("{2150E333-8FDC-42A3-9474-1A3956D46DE8}") = "Auth", "Auth", "{2C640C02-F643-40A5-8548-FCE39D3290CA}"
EndProject
Project("{2150E333-8FDC-42A3-9474-1A3956D46DE8}") = "Device", "Device", "{36FC0A68-4206-475B-9EE2-C75AC260921D}"
EndProject
Project("{2150E333-8FDC-42A3-9474-1A3956D46DE8}") = "Base", "Base", "{335FF8B8-01C2-460F-8E8C-0A25BC481231}"
EndProject
Project("{2150E333-8FDC-42A3-9474-1A3956D46DE8}") = "Components", "Components", "{2E1B2E80-E9CC-4581-AB02-1292BD3E7269}"
EndProject
Project("{9A19103F-16F7-4668-BE54-9A1E7A4F7556}") = "Boondocks.Auth.Api", "Boondocks.Auth\Components\Boondocks.Auth.Api\Boondocks.Auth.Api.csproj", "{3695F2B8-356C-4E06-A187-F0BD087D8D55}"
EndProject
Project("{9A19103F-16F7-4668-BE54-9A1E7A4F7556}") = "Boondocks.Auth.App", "Boondocks.Auth\Components\Boondocks.Auth.App\Boondocks.Auth.App.csproj", "{63ED024E-1212-4395-84A1-E5B96E118C09}"
EndProject
Project("{9A19103F-16F7-4668-BE54-9A1E7A4F7556}") = "Boondocks.Auth.Domain", "Boondocks.Auth\Components\Boondocks.Auth.Domain\Boondocks.Auth.Domain.csproj", "{06546B0A-BBD9-44C9-891A-9A7062C646CA}"
EndProject
Project("{9A19103F-16F7-4668-BE54-9A1E7A4F7556}") = "Boondocks.Auth.Infra", "Boondocks.Auth\Components\Boondocks.Auth.Infra\Boondocks.Auth.Infra.csproj", "{343F9BA1-A865-4BF2-9C08-AAF9011AF1EE}"
EndProject
Project("{9A19103F-16F7-4668-BE54-9A1E7A4F7556}") = "Boondocks.Auth.WebApi", "Boondocks.Auth\Boondocks.Auth.WebApi\Boondocks.Auth.WebApi.csproj", "{F4ABF178-A5F9-4C9A-8DF6-47B8FFF934B9}"
EndProject
Project("{9A19103F-16F7-4668-BE54-9A1E7A4F7556}") = "Boondocks.Auth.Tests", "Boondocks.Auth\Boondocks.Auth.Tests\Boondocks.Auth.Tests.csproj", "{DF93E294-7912-41CF-B97E-0593612E8E05}"
EndProject
Project("{2150E333-8FDC-42A3-9474-1A3956D46DE8}") = "Components", "Components", "{86E85D24-6475-4719-ABFE-528339393E18}"
EndProject
Project("{9A19103F-16F7-4668-BE54-9A1E7A4F7556}") = "Boondocks.Device.Api", "Boondocks.Device\Components\Boondocks.Device.Api\Boondocks.Device.Api.csproj", "{E4D1FA6F-5730-4656-BFD8-A8140E86A3E0}"
EndProject
Project("{9A19103F-16F7-4668-BE54-9A1E7A4F7556}") = "Boondocks.Device.App", "Boondocks.Device\Components\Boondocks.Device.App\Boondocks.Device.App.csproj", "{A4334B40-E494-41B7-8BE9-561F6401B1D6}"
EndProject
Project("{9A19103F-16F7-4668-BE54-9A1E7A4F7556}") = "Boondocks.Device.Domain", "Boondocks.Device\Components\Boondocks.Device.Domain\Boondocks.Device.Domain.csproj", "{E6D7375E-CEBA-446B-94E5-ADBBAC31A2AF}"
EndProject
Project("{9A19103F-16F7-4668-BE54-9A1E7A4F7556}") = "Boondocks.Device.Infra", "Boondocks.Device\Components\Boondocks.Device.Infra\Boondocks.Device.Infra.csproj", "{283EA9AF-FE44-4CCE-9E9C-7D85043D13BC}"
EndProject
Project("{9A19103F-16F7-4668-BE54-9A1E7A4F7556}") = "Boondocks.Device.WebApi", "Boondocks.Device\Boondocks.Device.WebApi\Boondocks.Device.WebApi.csproj", "{DE00C4B8-2FE4-4356-8FD9-7667D87C61E5}"
EndProject
Project("{9A19103F-16F7-4668-BE54-9A1E7A4F7556}") = "Boondocks.Device.Tests", "Boondocks.Device\Boondocks.Device.Tests\Boondocks.Device.Tests.csproj", "{DE1CB91E-B690-4892-A5F6-D371478934F4}"
EndProject
Project("{9A19103F-16F7-4668-BE54-9A1E7A4F7556}") = "Boondocks.Base.Data", "Boondocks.Base.Data\Boondocks.Base.Data.csproj", "{2DD222F4-F4C2-4343-B282-5600FEB39634}"
EndProject
Project("{2150E333-8FDC-42A3-9474-1A3956D46DE8}") = "Management", "Management", "{37456F4A-F373-4F27-BD35-9E85ADF443AD}"
EndProject
Project("{9A19103F-16F7-4668-BE54-9A1E7A4F7556}") = "Boondocks.Device.Client", "Boondocks.Device\Boondocks.Device.Client\Boondocks.Device.Client.csproj", "{4DFF2A43-00C8-4F8F-8726-D4D789ABA179}"
EndProject
Project("{9A19103F-16F7-4668-BE54-9A1E7A4F7556}") = "Boondocks.Base.Auth", "Boondocks.Base.Auth\Boondocks.Base.Auth.csproj", "{3D1879E9-D9B9-431C-A0D7-3AC3463DB07E}"
EndProject
Project("{2150E333-8FDC-42A3-9474-1A3956D46DE8}") = "Components", "Components", "{37E0E9CC-296D-4E53-B3C5-D78BEE17BDE9}"
EndProject
Global
	GlobalSection(SolutionConfigurationPlatforms) = preSolution
		Debug|Any CPU = Debug|Any CPU
		Debug|x64 = Debug|x64
		Debug|x86 = Debug|x86
		Release|Any CPU = Release|Any CPU
		Release|x64 = Release|x64
		Release|x86 = Release|x86
	EndGlobalSection
	GlobalSection(ProjectConfigurationPlatforms) = postSolution
		{3695F2B8-356C-4E06-A187-F0BD087D8D55}.Debug|Any CPU.ActiveCfg = Debug|Any CPU
		{3695F2B8-356C-4E06-A187-F0BD087D8D55}.Debug|Any CPU.Build.0 = Debug|Any CPU
		{3695F2B8-356C-4E06-A187-F0BD087D8D55}.Debug|x64.ActiveCfg = Debug|Any CPU
		{3695F2B8-356C-4E06-A187-F0BD087D8D55}.Debug|x64.Build.0 = Debug|Any CPU
		{3695F2B8-356C-4E06-A187-F0BD087D8D55}.Debug|x86.ActiveCfg = Debug|Any CPU
		{3695F2B8-356C-4E06-A187-F0BD087D8D55}.Debug|x86.Build.0 = Debug|Any CPU
		{3695F2B8-356C-4E06-A187-F0BD087D8D55}.Release|Any CPU.ActiveCfg = Release|Any CPU
		{3695F2B8-356C-4E06-A187-F0BD087D8D55}.Release|Any CPU.Build.0 = Release|Any CPU
		{3695F2B8-356C-4E06-A187-F0BD087D8D55}.Release|x64.ActiveCfg = Release|Any CPU
		{3695F2B8-356C-4E06-A187-F0BD087D8D55}.Release|x64.Build.0 = Release|Any CPU
		{3695F2B8-356C-4E06-A187-F0BD087D8D55}.Release|x86.ActiveCfg = Release|Any CPU
		{3695F2B8-356C-4E06-A187-F0BD087D8D55}.Release|x86.Build.0 = Release|Any CPU
		{63ED024E-1212-4395-84A1-E5B96E118C09}.Debug|Any CPU.ActiveCfg = Debug|Any CPU
		{63ED024E-1212-4395-84A1-E5B96E118C09}.Debug|Any CPU.Build.0 = Debug|Any CPU
		{63ED024E-1212-4395-84A1-E5B96E118C09}.Debug|x64.ActiveCfg = Debug|Any CPU
		{63ED024E-1212-4395-84A1-E5B96E118C09}.Debug|x64.Build.0 = Debug|Any CPU
		{63ED024E-1212-4395-84A1-E5B96E118C09}.Debug|x86.ActiveCfg = Debug|Any CPU
		{63ED024E-1212-4395-84A1-E5B96E118C09}.Debug|x86.Build.0 = Debug|Any CPU
		{63ED024E-1212-4395-84A1-E5B96E118C09}.Release|Any CPU.ActiveCfg = Release|Any CPU
		{63ED024E-1212-4395-84A1-E5B96E118C09}.Release|Any CPU.Build.0 = Release|Any CPU
		{63ED024E-1212-4395-84A1-E5B96E118C09}.Release|x64.ActiveCfg = Release|Any CPU
		{63ED024E-1212-4395-84A1-E5B96E118C09}.Release|x64.Build.0 = Release|Any CPU
		{63ED024E-1212-4395-84A1-E5B96E118C09}.Release|x86.ActiveCfg = Release|Any CPU
		{63ED024E-1212-4395-84A1-E5B96E118C09}.Release|x86.Build.0 = Release|Any CPU
		{06546B0A-BBD9-44C9-891A-9A7062C646CA}.Debug|Any CPU.ActiveCfg = Debug|Any CPU
		{06546B0A-BBD9-44C9-891A-9A7062C646CA}.Debug|Any CPU.Build.0 = Debug|Any CPU
		{06546B0A-BBD9-44C9-891A-9A7062C646CA}.Debug|x64.ActiveCfg = Debug|Any CPU
		{06546B0A-BBD9-44C9-891A-9A7062C646CA}.Debug|x64.Build.0 = Debug|Any CPU
		{06546B0A-BBD9-44C9-891A-9A7062C646CA}.Debug|x86.ActiveCfg = Debug|Any CPU
		{06546B0A-BBD9-44C9-891A-9A7062C646CA}.Debug|x86.Build.0 = Debug|Any CPU
		{06546B0A-BBD9-44C9-891A-9A7062C646CA}.Release|Any CPU.ActiveCfg = Release|Any CPU
		{06546B0A-BBD9-44C9-891A-9A7062C646CA}.Release|Any CPU.Build.0 = Release|Any CPU
		{06546B0A-BBD9-44C9-891A-9A7062C646CA}.Release|x64.ActiveCfg = Release|Any CPU
		{06546B0A-BBD9-44C9-891A-9A7062C646CA}.Release|x64.Build.0 = Release|Any CPU
		{06546B0A-BBD9-44C9-891A-9A7062C646CA}.Release|x86.ActiveCfg = Release|Any CPU
		{06546B0A-BBD9-44C9-891A-9A7062C646CA}.Release|x86.Build.0 = Release|Any CPU
		{343F9BA1-A865-4BF2-9C08-AAF9011AF1EE}.Debug|Any CPU.ActiveCfg = Debug|Any CPU
		{343F9BA1-A865-4BF2-9C08-AAF9011AF1EE}.Debug|Any CPU.Build.0 = Debug|Any CPU
		{343F9BA1-A865-4BF2-9C08-AAF9011AF1EE}.Debug|x64.ActiveCfg = Debug|Any CPU
		{343F9BA1-A865-4BF2-9C08-AAF9011AF1EE}.Debug|x64.Build.0 = Debug|Any CPU
		{343F9BA1-A865-4BF2-9C08-AAF9011AF1EE}.Debug|x86.ActiveCfg = Debug|Any CPU
		{343F9BA1-A865-4BF2-9C08-AAF9011AF1EE}.Debug|x86.Build.0 = Debug|Any CPU
		{343F9BA1-A865-4BF2-9C08-AAF9011AF1EE}.Release|Any CPU.ActiveCfg = Release|Any CPU
		{343F9BA1-A865-4BF2-9C08-AAF9011AF1EE}.Release|Any CPU.Build.0 = Release|Any CPU
		{343F9BA1-A865-4BF2-9C08-AAF9011AF1EE}.Release|x64.ActiveCfg = Release|Any CPU
		{343F9BA1-A865-4BF2-9C08-AAF9011AF1EE}.Release|x64.Build.0 = Release|Any CPU
		{343F9BA1-A865-4BF2-9C08-AAF9011AF1EE}.Release|x86.ActiveCfg = Release|Any CPU
		{343F9BA1-A865-4BF2-9C08-AAF9011AF1EE}.Release|x86.Build.0 = Release|Any CPU
		{F4ABF178-A5F9-4C9A-8DF6-47B8FFF934B9}.Debug|Any CPU.ActiveCfg = Debug|Any CPU
		{F4ABF178-A5F9-4C9A-8DF6-47B8FFF934B9}.Debug|Any CPU.Build.0 = Debug|Any CPU
		{F4ABF178-A5F9-4C9A-8DF6-47B8FFF934B9}.Debug|x64.ActiveCfg = Debug|Any CPU
		{F4ABF178-A5F9-4C9A-8DF6-47B8FFF934B9}.Debug|x64.Build.0 = Debug|Any CPU
		{F4ABF178-A5F9-4C9A-8DF6-47B8FFF934B9}.Debug|x86.ActiveCfg = Debug|Any CPU
		{F4ABF178-A5F9-4C9A-8DF6-47B8FFF934B9}.Debug|x86.Build.0 = Debug|Any CPU
		{F4ABF178-A5F9-4C9A-8DF6-47B8FFF934B9}.Release|Any CPU.ActiveCfg = Release|Any CPU
		{F4ABF178-A5F9-4C9A-8DF6-47B8FFF934B9}.Release|Any CPU.Build.0 = Release|Any CPU
		{F4ABF178-A5F9-4C9A-8DF6-47B8FFF934B9}.Release|x64.ActiveCfg = Release|Any CPU
		{F4ABF178-A5F9-4C9A-8DF6-47B8FFF934B9}.Release|x64.Build.0 = Release|Any CPU
		{F4ABF178-A5F9-4C9A-8DF6-47B8FFF934B9}.Release|x86.ActiveCfg = Release|Any CPU
		{F4ABF178-A5F9-4C9A-8DF6-47B8FFF934B9}.Release|x86.Build.0 = Release|Any CPU
		{DF93E294-7912-41CF-B97E-0593612E8E05}.Debug|Any CPU.ActiveCfg = Debug|Any CPU
		{DF93E294-7912-41CF-B97E-0593612E8E05}.Debug|Any CPU.Build.0 = Debug|Any CPU
		{DF93E294-7912-41CF-B97E-0593612E8E05}.Debug|x64.ActiveCfg = Debug|Any CPU
		{DF93E294-7912-41CF-B97E-0593612E8E05}.Debug|x64.Build.0 = Debug|Any CPU
		{DF93E294-7912-41CF-B97E-0593612E8E05}.Debug|x86.ActiveCfg = Debug|Any CPU
		{DF93E294-7912-41CF-B97E-0593612E8E05}.Debug|x86.Build.0 = Debug|Any CPU
		{DF93E294-7912-41CF-B97E-0593612E8E05}.Release|Any CPU.ActiveCfg = Release|Any CPU
		{DF93E294-7912-41CF-B97E-0593612E8E05}.Release|Any CPU.Build.0 = Release|Any CPU
		{DF93E294-7912-41CF-B97E-0593612E8E05}.Release|x64.ActiveCfg = Release|Any CPU
		{DF93E294-7912-41CF-B97E-0593612E8E05}.Release|x64.Build.0 = Release|Any CPU
		{DF93E294-7912-41CF-B97E-0593612E8E05}.Release|x86.ActiveCfg = Release|Any CPU
		{DF93E294-7912-41CF-B97E-0593612E8E05}.Release|x86.Build.0 = Release|Any CPU
		{E4D1FA6F-5730-4656-BFD8-A8140E86A3E0}.Debug|Any CPU.ActiveCfg = Debug|Any CPU
		{E4D1FA6F-5730-4656-BFD8-A8140E86A3E0}.Debug|Any CPU.Build.0 = Debug|Any CPU
		{E4D1FA6F-5730-4656-BFD8-A8140E86A3E0}.Debug|x64.ActiveCfg = Debug|Any CPU
		{E4D1FA6F-5730-4656-BFD8-A8140E86A3E0}.Debug|x64.Build.0 = Debug|Any CPU
		{E4D1FA6F-5730-4656-BFD8-A8140E86A3E0}.Debug|x86.ActiveCfg = Debug|Any CPU
		{E4D1FA6F-5730-4656-BFD8-A8140E86A3E0}.Debug|x86.Build.0 = Debug|Any CPU
		{E4D1FA6F-5730-4656-BFD8-A8140E86A3E0}.Release|Any CPU.ActiveCfg = Release|Any CPU
		{E4D1FA6F-5730-4656-BFD8-A8140E86A3E0}.Release|Any CPU.Build.0 = Release|Any CPU
		{E4D1FA6F-5730-4656-BFD8-A8140E86A3E0}.Release|x64.ActiveCfg = Release|Any CPU
		{E4D1FA6F-5730-4656-BFD8-A8140E86A3E0}.Release|x64.Build.0 = Release|Any CPU
		{E4D1FA6F-5730-4656-BFD8-A8140E86A3E0}.Release|x86.ActiveCfg = Release|Any CPU
		{E4D1FA6F-5730-4656-BFD8-A8140E86A3E0}.Release|x86.Build.0 = Release|Any CPU
		{A4334B40-E494-41B7-8BE9-561F6401B1D6}.Debug|Any CPU.ActiveCfg = Debug|Any CPU
		{A4334B40-E494-41B7-8BE9-561F6401B1D6}.Debug|Any CPU.Build.0 = Debug|Any CPU
		{A4334B40-E494-41B7-8BE9-561F6401B1D6}.Debug|x64.ActiveCfg = Debug|Any CPU
		{A4334B40-E494-41B7-8BE9-561F6401B1D6}.Debug|x64.Build.0 = Debug|Any CPU
		{A4334B40-E494-41B7-8BE9-561F6401B1D6}.Debug|x86.ActiveCfg = Debug|Any CPU
		{A4334B40-E494-41B7-8BE9-561F6401B1D6}.Debug|x86.Build.0 = Debug|Any CPU
		{A4334B40-E494-41B7-8BE9-561F6401B1D6}.Release|Any CPU.ActiveCfg = Release|Any CPU
		{A4334B40-E494-41B7-8BE9-561F6401B1D6}.Release|Any CPU.Build.0 = Release|Any CPU
		{A4334B40-E494-41B7-8BE9-561F6401B1D6}.Release|x64.ActiveCfg = Release|Any CPU
		{A4334B40-E494-41B7-8BE9-561F6401B1D6}.Release|x64.Build.0 = Release|Any CPU
		{A4334B40-E494-41B7-8BE9-561F6401B1D6}.Release|x86.ActiveCfg = Release|Any CPU
		{A4334B40-E494-41B7-8BE9-561F6401B1D6}.Release|x86.Build.0 = Release|Any CPU
		{E6D7375E-CEBA-446B-94E5-ADBBAC31A2AF}.Debug|Any CPU.ActiveCfg = Debug|Any CPU
		{E6D7375E-CEBA-446B-94E5-ADBBAC31A2AF}.Debug|Any CPU.Build.0 = Debug|Any CPU
		{E6D7375E-CEBA-446B-94E5-ADBBAC31A2AF}.Debug|x64.ActiveCfg = Debug|Any CPU
		{E6D7375E-CEBA-446B-94E5-ADBBAC31A2AF}.Debug|x64.Build.0 = Debug|Any CPU
		{E6D7375E-CEBA-446B-94E5-ADBBAC31A2AF}.Debug|x86.ActiveCfg = Debug|Any CPU
		{E6D7375E-CEBA-446B-94E5-ADBBAC31A2AF}.Debug|x86.Build.0 = Debug|Any CPU
		{E6D7375E-CEBA-446B-94E5-ADBBAC31A2AF}.Release|Any CPU.ActiveCfg = Release|Any CPU
		{E6D7375E-CEBA-446B-94E5-ADBBAC31A2AF}.Release|Any CPU.Build.0 = Release|Any CPU
		{E6D7375E-CEBA-446B-94E5-ADBBAC31A2AF}.Release|x64.ActiveCfg = Release|Any CPU
		{E6D7375E-CEBA-446B-94E5-ADBBAC31A2AF}.Release|x64.Build.0 = Release|Any CPU
		{E6D7375E-CEBA-446B-94E5-ADBBAC31A2AF}.Release|x86.ActiveCfg = Release|Any CPU
		{E6D7375E-CEBA-446B-94E5-ADBBAC31A2AF}.Release|x86.Build.0 = Release|Any CPU
		{283EA9AF-FE44-4CCE-9E9C-7D85043D13BC}.Debug|Any CPU.ActiveCfg = Debug|Any CPU
		{283EA9AF-FE44-4CCE-9E9C-7D85043D13BC}.Debug|Any CPU.Build.0 = Debug|Any CPU
		{283EA9AF-FE44-4CCE-9E9C-7D85043D13BC}.Debug|x64.ActiveCfg = Debug|Any CPU
		{283EA9AF-FE44-4CCE-9E9C-7D85043D13BC}.Debug|x64.Build.0 = Debug|Any CPU
		{283EA9AF-FE44-4CCE-9E9C-7D85043D13BC}.Debug|x86.ActiveCfg = Debug|Any CPU
		{283EA9AF-FE44-4CCE-9E9C-7D85043D13BC}.Debug|x86.Build.0 = Debug|Any CPU
		{283EA9AF-FE44-4CCE-9E9C-7D85043D13BC}.Release|Any CPU.ActiveCfg = Release|Any CPU
		{283EA9AF-FE44-4CCE-9E9C-7D85043D13BC}.Release|Any CPU.Build.0 = Release|Any CPU
		{283EA9AF-FE44-4CCE-9E9C-7D85043D13BC}.Release|x64.ActiveCfg = Release|Any CPU
		{283EA9AF-FE44-4CCE-9E9C-7D85043D13BC}.Release|x64.Build.0 = Release|Any CPU
		{283EA9AF-FE44-4CCE-9E9C-7D85043D13BC}.Release|x86.ActiveCfg = Release|Any CPU
		{283EA9AF-FE44-4CCE-9E9C-7D85043D13BC}.Release|x86.Build.0 = Release|Any CPU
		{DE00C4B8-2FE4-4356-8FD9-7667D87C61E5}.Debug|Any CPU.ActiveCfg = Debug|Any CPU
		{DE00C4B8-2FE4-4356-8FD9-7667D87C61E5}.Debug|Any CPU.Build.0 = Debug|Any CPU
		{DE00C4B8-2FE4-4356-8FD9-7667D87C61E5}.Debug|x64.ActiveCfg = Debug|Any CPU
		{DE00C4B8-2FE4-4356-8FD9-7667D87C61E5}.Debug|x64.Build.0 = Debug|Any CPU
		{DE00C4B8-2FE4-4356-8FD9-7667D87C61E5}.Debug|x86.ActiveCfg = Debug|Any CPU
		{DE00C4B8-2FE4-4356-8FD9-7667D87C61E5}.Debug|x86.Build.0 = Debug|Any CPU
		{DE00C4B8-2FE4-4356-8FD9-7667D87C61E5}.Release|Any CPU.ActiveCfg = Release|Any CPU
		{DE00C4B8-2FE4-4356-8FD9-7667D87C61E5}.Release|Any CPU.Build.0 = Release|Any CPU
		{DE00C4B8-2FE4-4356-8FD9-7667D87C61E5}.Release|x64.ActiveCfg = Release|Any CPU
		{DE00C4B8-2FE4-4356-8FD9-7667D87C61E5}.Release|x64.Build.0 = Release|Any CPU
		{DE00C4B8-2FE4-4356-8FD9-7667D87C61E5}.Release|x86.ActiveCfg = Release|Any CPU
		{DE00C4B8-2FE4-4356-8FD9-7667D87C61E5}.Release|x86.Build.0 = Release|Any CPU
		{DE1CB91E-B690-4892-A5F6-D371478934F4}.Debug|Any CPU.ActiveCfg = Debug|Any CPU
		{DE1CB91E-B690-4892-A5F6-D371478934F4}.Debug|Any CPU.Build.0 = Debug|Any CPU
		{DE1CB91E-B690-4892-A5F6-D371478934F4}.Debug|x64.ActiveCfg = Debug|Any CPU
		{DE1CB91E-B690-4892-A5F6-D371478934F4}.Debug|x64.Build.0 = Debug|Any CPU
		{DE1CB91E-B690-4892-A5F6-D371478934F4}.Debug|x86.ActiveCfg = Debug|Any CPU
		{DE1CB91E-B690-4892-A5F6-D371478934F4}.Debug|x86.Build.0 = Debug|Any CPU
		{DE1CB91E-B690-4892-A5F6-D371478934F4}.Release|Any CPU.ActiveCfg = Release|Any CPU
		{DE1CB91E-B690-4892-A5F6-D371478934F4}.Release|Any CPU.Build.0 = Release|Any CPU
		{DE1CB91E-B690-4892-A5F6-D371478934F4}.Release|x64.ActiveCfg = Release|Any CPU
		{DE1CB91E-B690-4892-A5F6-D371478934F4}.Release|x64.Build.0 = Release|Any CPU
		{DE1CB91E-B690-4892-A5F6-D371478934F4}.Release|x86.ActiveCfg = Release|Any CPU
		{DE1CB91E-B690-4892-A5F6-D371478934F4}.Release|x86.Build.0 = Release|Any CPU
		{2DD222F4-F4C2-4343-B282-5600FEB39634}.Debug|Any CPU.ActiveCfg = Debug|Any CPU
		{2DD222F4-F4C2-4343-B282-5600FEB39634}.Debug|Any CPU.Build.0 = Debug|Any CPU
		{2DD222F4-F4C2-4343-B282-5600FEB39634}.Debug|x64.ActiveCfg = Debug|Any CPU
		{2DD222F4-F4C2-4343-B282-5600FEB39634}.Debug|x64.Build.0 = Debug|Any CPU
		{2DD222F4-F4C2-4343-B282-5600FEB39634}.Debug|x86.ActiveCfg = Debug|Any CPU
		{2DD222F4-F4C2-4343-B282-5600FEB39634}.Debug|x86.Build.0 = Debug|Any CPU
		{2DD222F4-F4C2-4343-B282-5600FEB39634}.Release|Any CPU.ActiveCfg = Release|Any CPU
		{2DD222F4-F4C2-4343-B282-5600FEB39634}.Release|Any CPU.Build.0 = Release|Any CPU
		{2DD222F4-F4C2-4343-B282-5600FEB39634}.Release|x64.ActiveCfg = Release|Any CPU
		{2DD222F4-F4C2-4343-B282-5600FEB39634}.Release|x64.Build.0 = Release|Any CPU
		{2DD222F4-F4C2-4343-B282-5600FEB39634}.Release|x86.ActiveCfg = Release|Any CPU
		{2DD222F4-F4C2-4343-B282-5600FEB39634}.Release|x86.Build.0 = Release|Any CPU
		{4DFF2A43-00C8-4F8F-8726-D4D789ABA179}.Debug|Any CPU.ActiveCfg = Debug|Any CPU
		{4DFF2A43-00C8-4F8F-8726-D4D789ABA179}.Debug|Any CPU.Build.0 = Debug|Any CPU
		{4DFF2A43-00C8-4F8F-8726-D4D789ABA179}.Debug|x64.ActiveCfg = Debug|Any CPU
		{4DFF2A43-00C8-4F8F-8726-D4D789ABA179}.Debug|x64.Build.0 = Debug|Any CPU
		{4DFF2A43-00C8-4F8F-8726-D4D789ABA179}.Debug|x86.ActiveCfg = Debug|Any CPU
		{4DFF2A43-00C8-4F8F-8726-D4D789ABA179}.Debug|x86.Build.0 = Debug|Any CPU
		{4DFF2A43-00C8-4F8F-8726-D4D789ABA179}.Release|Any CPU.ActiveCfg = Release|Any CPU
		{4DFF2A43-00C8-4F8F-8726-D4D789ABA179}.Release|Any CPU.Build.0 = Release|Any CPU
		{4DFF2A43-00C8-4F8F-8726-D4D789ABA179}.Release|x64.ActiveCfg = Release|Any CPU
		{4DFF2A43-00C8-4F8F-8726-D4D789ABA179}.Release|x64.Build.0 = Release|Any CPU
		{4DFF2A43-00C8-4F8F-8726-D4D789ABA179}.Release|x86.ActiveCfg = Release|Any CPU
		{4DFF2A43-00C8-4F8F-8726-D4D789ABA179}.Release|x86.Build.0 = Release|Any CPU
		{3D1879E9-D9B9-431C-A0D7-3AC3463DB07E}.Debug|Any CPU.ActiveCfg = Debug|Any CPU
		{3D1879E9-D9B9-431C-A0D7-3AC3463DB07E}.Debug|Any CPU.Build.0 = Debug|Any CPU
		{3D1879E9-D9B9-431C-A0D7-3AC3463DB07E}.Debug|x64.ActiveCfg = Debug|Any CPU
		{3D1879E9-D9B9-431C-A0D7-3AC3463DB07E}.Debug|x64.Build.0 = Debug|Any CPU
		{3D1879E9-D9B9-431C-A0D7-3AC3463DB07E}.Debug|x86.ActiveCfg = Debug|Any CPU
		{3D1879E9-D9B9-431C-A0D7-3AC3463DB07E}.Debug|x86.Build.0 = Debug|Any CPU
		{3D1879E9-D9B9-431C-A0D7-3AC3463DB07E}.Release|Any CPU.ActiveCfg = Release|Any CPU
		{3D1879E9-D9B9-431C-A0D7-3AC3463DB07E}.Release|Any CPU.Build.0 = Release|Any CPU
		{3D1879E9-D9B9-431C-A0D7-3AC3463DB07E}.Release|x64.ActiveCfg = Release|Any CPU
		{3D1879E9-D9B9-431C-A0D7-3AC3463DB07E}.Release|x64.Build.0 = Release|Any CPU
		{3D1879E9-D9B9-431C-A0D7-3AC3463DB07E}.Release|x86.ActiveCfg = Release|Any CPU
		{3D1879E9-D9B9-431C-A0D7-3AC3463DB07E}.Release|x86.Build.0 = Release|Any CPU
	EndGlobalSection
	GlobalSection(SolutionProperties) = preSolution
		HideSolutionNode = FALSE
	EndGlobalSection
	GlobalSection(NestedProjects) = preSolution
		{2E1B2E80-E9CC-4581-AB02-1292BD3E7269} = {2C640C02-F643-40A5-8548-FCE39D3290CA}
		{3695F2B8-356C-4E06-A187-F0BD087D8D55} = {2E1B2E80-E9CC-4581-AB02-1292BD3E7269}
		{63ED024E-1212-4395-84A1-E5B96E118C09} = {2E1B2E80-E9CC-4581-AB02-1292BD3E7269}
		{06546B0A-BBD9-44C9-891A-9A7062C646CA} = {2E1B2E80-E9CC-4581-AB02-1292BD3E7269}
		{343F9BA1-A865-4BF2-9C08-AAF9011AF1EE} = {2E1B2E80-E9CC-4581-AB02-1292BD3E7269}
		{F4ABF178-A5F9-4C9A-8DF6-47B8FFF934B9} = {2C640C02-F643-40A5-8548-FCE39D3290CA}
		{DF93E294-7912-41CF-B97E-0593612E8E05} = {2C640C02-F643-40A5-8548-FCE39D3290CA}
		{86E85D24-6475-4719-ABFE-528339393E18} = {36FC0A68-4206-475B-9EE2-C75AC260921D}
		{E4D1FA6F-5730-4656-BFD8-A8140E86A3E0} = {86E85D24-6475-4719-ABFE-528339393E18}
		{A4334B40-E494-41B7-8BE9-561F6401B1D6} = {86E85D24-6475-4719-ABFE-528339393E18}
		{E6D7375E-CEBA-446B-94E5-ADBBAC31A2AF} = {86E85D24-6475-4719-ABFE-528339393E18}
		{283EA9AF-FE44-4CCE-9E9C-7D85043D13BC} = {86E85D24-6475-4719-ABFE-528339393E18}
		{DE00C4B8-2FE4-4356-8FD9-7667D87C61E5} = {36FC0A68-4206-475B-9EE2-C75AC260921D}
		{DE1CB91E-B690-4892-A5F6-D371478934F4} = {36FC0A68-4206-475B-9EE2-C75AC260921D}
		{2DD222F4-F4C2-4343-B282-5600FEB39634} = {335FF8B8-01C2-460F-8E8C-0A25BC481231}
		{4DFF2A43-00C8-4F8F-8726-D4D789ABA179} = {36FC0A68-4206-475B-9EE2-C75AC260921D}
		{3D1879E9-D9B9-431C-A0D7-3AC3463DB07E} = {335FF8B8-01C2-460F-8E8C-0A25BC481231}
		{37E0E9CC-296D-4E53-B3C5-D78BEE17BDE9} = {37456F4A-F373-4F27-BD35-9E85ADF443AD}
	EndGlobalSection
	GlobalSection(ExtensibilityGlobals) = postSolution
		SolutionGuid = {7BE6CBEB-06BC-4F58-9F0E-5B9C06148A60}
	EndGlobalSection
EndGlobal
